<?xml version="1.0" encoding="utf-8"?>
<Project ToolsVersion="4.0" xmlns="http://schemas.microsoft.com/developer/msbuild/2003">
  <ItemGroup>
    <Filter Include="src">
      <UniqueIdentifier>{012c291e-bc10-435a-b47f-301b627c1c78}</UniqueIdentifier>
    </Filter>
    <Filter Include="include">
      <UniqueIdentifier>{b5ec4a18-3a87-48af-86c5-11758835802e}</UniqueIdentifier>
    </Filter>
    <Filter Include="include\component">
      <UniqueIdentifier>{7fbaf0d7-7241-4f17-974a-90a70ff70eef}</UniqueIdentifier>
    </Filter>
    <Filter Include="include\entity">
      <UniqueIdentifier>{3483b922-c406-4f90-9799-5f2dc52ad86c}</UniqueIdentifier>
    </Filter>
    <Filter Include="src\component">
      <UniqueIdentifier>{7580c159-9188-4070-9431-2f8d988431d0}</UniqueIdentifier>
    </Filter>
    <Filter Include="src\entity">
      <UniqueIdentifier>{8bbc5fa6-91c2-42b7-9178-eb7699f5d01a}</UniqueIdentifier>
    </Filter>
  </ItemGroup>
  <ItemGroup>
    <ClCompile Include="src\Entity\entity.cpp">
      <Filter>src\entity</Filter>
    </ClCompile>
    <ClCompile Include="src\Entity\player.cpp">
      <Filter>src\entity</Filter>
    </ClCompile>
    <ClCompile Include="src\Component\box_collider.cpp">
      <Filter>src\component</Filter>
    </ClCompile>
    <ClCompile Include="src\Component\bullet_move.cpp">
      <Filter>src\component</Filter>
    </ClCompile>
    <ClCompile Include="src\Component\circle_collider.cpp">
      <Filter>src\component</Filter>
    </ClCompile>
    <ClCompile Include="src\Component\life.cpp">
      <Filter>src\component</Filter>
    </ClCompile>
    <ClCompile Include="src\Component\move_8direction.cpp">
      <Filter>src\component</Filter>
    </ClCompile>
    <ClCompile Include="src\Component\move_rotate.cpp">
      <Filter>src\component</Filter>
    </ClCompile>
    <ClCompile Include="src\Component\timer.cpp">
      <Filter>src\component</Filter>
    </ClCompile>
    <ClCompile Include="src\collision_engine.cpp">
      <Filter>src</Filter>
    </ClCompile>
    <ClCompile Include="src\float2.cpp">
      <Filter>src</Filter>
    </ClCompile>
    <ClCompile Include="src\game.cpp">
      <Filter>src</Filter>
    </ClCompile>
    <ClCompile Include="src\input_engine.cpp">
      <Filter>src</Filter>
    </ClCompile>
    <ClCompile Include="src\primitive2.cpp">
      <Filter>src</Filter>
    </ClCompile>
    <ClCompile Include="src\ressources.cpp">
      <Filter>src</Filter>
    </ClCompile>
    <ClCompile Include="src\main.cpp">
      <Filter>src</Filter>
    </ClCompile>
  </ItemGroup>
  <ItemGroup>
    <ClInclude Include="include\collision_engine.h">
      <Filter>include</Filter>
    </ClInclude>
    <ClInclude Include="include\defines.h">
      <Filter>include</Filter>
    </ClInclude>
    <ClInclude Include="include\enums.h">
      <Filter>include</Filter>
    </ClInclude>
    <ClInclude Include="include\float2.h">
      <Filter>include</Filter>
    </ClInclude>
    <ClInclude Include="include\game.h">
      <Filter>include</Filter>
    </ClInclude>
    <ClInclude Include="include\input_engine.h">
      <Filter>include</Filter>
    </ClInclude>
    <ClInclude Include="include\player.h">
      <Filter>include</Filter>
    </ClInclude>
    <ClInclude Include="include\primitive2.h">
      <Filter>include</Filter>
    </ClInclude>
    <ClInclude Include="include\ressources.h">
      <Filter>include</Filter>
    </ClInclude>
    <ClInclude Include="include\timer.h">
      <Filter>include</Filter>
    </ClInclude>
    <ClInclude Include="include\utils.h">
      <Filter>include</Filter>
    </ClInclude>
    <ClInclude Include="include\box_collider.h">
      <Filter>include\component</Filter>
    </ClInclude>
    <ClInclude Include="include\bullet_move.h">
      <Filter>include\component</Filter>
    </ClInclude>
    <ClInclude Include="include\circle_collider.h">
      <Filter>include\component</Filter>
    </ClInclude>
    <ClInclude Include="include\collider.h">
      <Filter>include\component</Filter>
    </ClInclude>
    <ClInclude Include="include\component.h">
      <Filter>include\component</Filter>
    </ClInclude>
    <ClInclude Include="include\entity.h">
      <Filter>include\entity</Filter>
    </ClInclude>
    <ClInclude Include="include\life.h">
      <Filter>include\component</Filter>
    </ClInclude>
    <ClInclude Include="include\move.h">
      <Filter>include\component</Filter>
    </ClInclude>
    <ClInclude Include="include\move_8direction.h">
      <Filter>include\component</Filter>
    </ClInclude>
    <ClInclude Include="include\move_rotate.h">
      <Filter>include\component</Filter>
    </ClInclude>
  </ItemGroup>
</Project>